
Microsoft Visual Studio Solution File, Format Version 11.00
# Visual Studio 2010
Project("{FAE04EC0-301F-11D3-BF4B-00C04F79EFBC}") = "Assembly-CSharp", "Assembly-CSharp.csproj", "{80A19049-7326-CB87-2B87-A6870FF70A50}"
EndProject
Project("{FAE04EC0-301F-11D3-BF4B-00C04F79EFBC}") = "Assembly-CSharp-Editor", "Assembly-CSharp-Editor.csproj", "{A2CE8CF3-39B5-EB84-E3D0-73EB49CE7414}"
EndProject
Global
	GlobalSection(SolutionConfigurationPlatforms) = preSolution
		Debug|Any CPU = Debug|Any CPU
		Release|Any CPU = Release|Any CPU
	EndGlobalSection
	GlobalSection(ProjectConfigurationPlatforms) = postSolution
		{80A19049-7326-CB87-2B87-A6870FF70A50}.Debug|Any CPU.ActiveCfg = Debug|Any CPU
		{80A19049-7326-CB87-2B87-A6870FF70A50}.Debug|Any CPU.Build.0 = Debug|Any CPU
		{80A19049-7326-CB87-2B87-A6870FF70A50}.Release|Any CPU.ActiveCfg = Release|Any CPU
		{80A19049-7326-CB87-2B87-A6870FF70A50}.Release|Any CPU.Build.0 = Release|Any CPU
		{A2CE8CF3-39B5-EB84-E3D0-73EB49CE7414}.Debug|Any CPU.ActiveCfg = Debug|Any CPU
		{A2CE8CF3-39B5-EB84-E3D0-73EB49CE7414}.Debug|Any CPU.Build.0 = Debug|Any CPU
		{A2CE8CF3-39B5-EB84-E3D0-73EB49CE7414}.Release|Any CPU.ActiveCfg = Release|Any CPU
		{A2CE8CF3-39B5-EB84-E3D0-73EB49CE7414}.Release|Any CPU.Build.0 = Release|Any CPU
	EndGlobalSection
	GlobalSection(SolutionProperties) = preSolution
		HideSolutionNode = FALSE
	EndGlobalSection
EndGlobal
